{
  "name": "@alumis/material-design",
  "version": "2.0.5",
  "lockfileVersion": 1,
  "requires": true,
  "dependencies": {
    "@alumis/observables": {
      "version": "2.0.14",
      "resolved": "https://registry.npmjs.org/@alumis/observables/-/observables-2.0.14.tgz",
      "integrity": "sha512-sHkIAzblb6m57jMLYsy+NmnK0Fd2b2RRNxZvy3wLkBI+JkFs/k7jzOFu5If6kCLWDyKrprysBs477s9nAJeWUg==",
      "dev": true
    }
  }
}
